// !$*UTF8*$!
{
	archiveVersion = 1;
	classes = {
	};
	objectVersion = 56;
	objects = {

/* Begin PBXBuildFile section */
		CE8FA3AF2A4A0AC1007FC908 /* AppDelegate.swift in Sources */ = {isa = PBXBuildFile; fileRef = CE8FA3AE2A4A0AC1007FC908 /* AppDelegate.swift */; };
		CE8FA3B12A4A0AC1007FC908 /* SceneDelegate.swift in Sources */ = {isa = PBXBuildFile; fileRef = CE8FA3B02A4A0AC1007FC908 /* SceneDelegate.swift */; };
		CE8FA3B32A4A0AC1007FC908 /* MapViewController.swift in Sources */ = {isa = PBXBuildFile; fileRef = CE8FA3B22A4A0AC1007FC908 /* MapViewController.swift */; };
		CE8FA3B62A4A0AC1007FC908 /* Main.storyboard in Resources */ = {isa = PBXBuildFile; fileRef = CE8FA3B42A4A0AC1007FC908 /* Main.storyboard */; };
		CE8FA3B92A4A0AC1007FC908 /* VetMap.xcdatamodeld in Sources */ = {isa = PBXBuildFile; fileRef = CE8FA3B72A4A0AC1007FC908 /* VetMap.xcdatamodeld */; };
		CE8FA3BB2A4A0AC4007FC908 /* Assets.xcassets in Resources */ = {isa = PBXBuildFile; fileRef = CE8FA3BA2A4A0AC4007FC908 /* Assets.xcassets */; };
		CE8FA3BE2A4A0AC4007FC908 /* LaunchScreen.storyboard in Resources */ = {isa = PBXBuildFile; fileRef = CE8FA3BC2A4A0AC4007FC908 /* LaunchScreen.storyboard */; };
		CE8FA3C72A4A0F5C007FC908 /* LocationManager.swift in Sources */ = {isa = PBXBuildFile; fileRef = CE8FA3C62A4A0F5C007FC908 /* LocationManager.swift */; };
		CE8FA3CC2A4A23E5007FC908 /* MapManager.swift in Sources */ = {isa = PBXBuildFile; fileRef = CE8FA3CB2A4A23E5007FC908 /* MapManager.swift */; };
/* End PBXBuildFile section */

/* Begin PBXFileReference section */
		CE8FA3AB2A4A0AC1007FC908 /* VetMap.app */ = {isa = PBXFileReference; explicitFileType = wrapper.application; includeInIndex = 0; path = VetMap.app; sourceTree = BUILT_PRODUCTS_DIR; };
		CE8FA3AE2A4A0AC1007FC908 /* AppDelegate.swift */ = {isa = PBXFileReference; lastKnownFileType = sourcecode.swift; path = AppDelegate.swift; sourceTree = "<group>"; };
		CE8FA3B02A4A0AC1007FC908 /* SceneDelegate.swift */ = {isa = PBXFileReference; lastKnownFileType = sourcecode.swift; path = SceneDelegate.swift; sourceTree = "<group>"; };
		CE8FA3B22A4A0AC1007FC908 /* MapViewController.swift */ = {isa = PBXFileReference; lastKnownFileType = sourcecode.swift; path = MapViewController.swift; sourceTree = "<group>"; };
		CE8FA3B52A4A0AC1007FC908 /* Base */ = {isa = PBXFileReference; lastKnownFileType = file.storyboard; name = Base; path = Base.lproj/Main.storyboard; sourceTree = "<group>"; };
		CE8FA3B82A4A0AC1007FC908 /* VetMap.xcdatamodel */ = {isa = PBXFileReference; lastKnownFileType = wrapper.xcdatamodel; path = VetMap.xcdatamodel; sourceTree = "<group>"; };
		CE8FA3BA2A4A0AC4007FC908 /* Assets.xcassets */ = {isa = PBXFileReference; lastKnownFileType = folder.assetcatalog; path = Assets.xcassets; sourceTree = "<group>"; };
		CE8FA3BD2A4A0AC4007FC908 /* Base */ = {isa = PBXFileReference; lastKnownFileType = file.storyboard; name = Base; path = Base.lproj/LaunchScreen.storyboard; sourceTree = "<group>"; };
		CE8FA3BF2A4A0AC4007FC908 /* Info.plist */ = {isa = PBXFileReference; lastKnownFileType = text.plist.xml; path = Info.plist; sourceTree = "<group>"; };
		CE8FA3C62A4A0F5C007FC908 /* LocationManager.swift */ = {isa = PBXFileReference; lastKnownFileType = sourcecode.swift; path = LocationManager.swift; sourceTree = "<group>"; };
		CE8FA3CB2A4A23E5007FC908 /* MapManager.swift */ = {isa = PBXFileReference; lastKnownFileType = sourcecode.swift; path = MapManager.swift; sourceTree = "<group>"; };
/* End PBXFileReference section */

/* Begin PBXFrameworksBuildPhase section */
		CE8FA3A82A4A0AC1007FC908 /* Frameworks */ = {
			isa = PBXFrameworksBuildPhase;
			buildActionMask = 2147483647;
			files = (
			);
			runOnlyForDeploymentPostprocessing = 0;
		};
/* End PBXFrameworksBuildPhase section */

/* Begin PBXGroup section */
		CE8FA3A22A4A0AC1007FC908 = {
			isa = PBXGroup;
			children = (
				CE8FA3AD2A4A0AC1007FC908 /* VetMap */,
				CE8FA3AC2A4A0AC1007FC908 /* Products */,
			);
			sourceTree = "<group>";
		};
		CE8FA3AC2A4A0AC1007FC908 /* Products */ = {
			isa = PBXGroup;
			children = (
				CE8FA3AB2A4A0AC1007FC908 /* VetMap.app */,
			);
			name = Products;
			sourceTree = "<group>";
		};
		CE8FA3AD2A4A0AC1007FC908 /* VetMap */ = {
			isa = PBXGroup;
			children = (
				CE8FA3C92A4A23A3007FC908 /* Model */,
				CE8FA3CA2A4A23AB007FC908 /* View */,
				CE8FA3C82A4A2397007FC908 /* ViewModel */,
				CE8FA3C52A4A0F45007FC908 /* Managers */,
				CE8FA3B22A4A0AC1007FC908 /* MapViewController.swift */,
				CE8FA3AE2A4A0AC1007FC908 /* AppDelegate.swift */,
				CE8FA3B02A4A0AC1007FC908 /* SceneDelegate.swift */,
				CE8FA3BC2A4A0AC4007FC908 /* LaunchScreen.storyboard */,
				CE8FA3BA2A4A0AC4007FC908 /* Assets.xcassets */,
				CE8FA3BF2A4A0AC4007FC908 /* Info.plist */,
				CE8FA3B72A4A0AC1007FC908 /* VetMap.xcdatamodeld */,
			);
			path = VetMap;
			sourceTree = "<group>";
		};
		CE8FA3C52A4A0F45007FC908 /* Managers */ = {
			isa = PBXGroup;
			children = (
				CE8FA3C62A4A0F5C007FC908 /* LocationManager.swift */,
				CE8FA3CB2A4A23E5007FC908 /* MapManager.swift */,
			);
			path = Managers;
			sourceTree = "<group>";
		};
		CE8FA3C82A4A2397007FC908 /* ViewModel */ = {
			isa = PBXGroup;
			children = (
			);
			path = ViewModel;
			sourceTree = "<group>";
		};
		CE8FA3C92A4A23A3007FC908 /* Model */ = {
			isa = PBXGroup;
			children = (
			);
			path = Model;
			sourceTree = "<group>";
		};
		CE8FA3CA2A4A23AB007FC908 /* View */ = {
			isa = PBXGroup;
			children = (
				CE8FA3B42A4A0AC1007FC908 /* Main.storyboard */,
			);
			path = View;
			sourceTree = "<group>";
		};
/* End PBXGroup section */

/* Begin PBXNativeTarget section */
		CE8FA3AA2A4A0AC1007FC908 /* VetMap */ = {
			isa = PBXNativeTarget;
			buildConfigurationList = CE8FA3C22A4A0AC4007FC908 /* Build configuration list for PBXNativeTarget "VetMap" */;
			buildPhases = (
				CE8FA3A72A4A0AC1007FC908 /* Sources */,
				CE8FA3A82A4A0AC1007FC908 /* Frameworks */,
				CE8FA3A92A4A0AC1007FC908 /* Resources */,
			);
			buildRules = (
			);
			dependencies = (
			);
			name = VetMap;
			productName = VetMap;
			productReference = CE8FA3AB2A4A0AC1007FC908 /* VetMap.app */;
			productType = "com.apple.product-type.application";
		};
/* End PBXNativeTarget section */

/* Begin PBXProject section */
		CE8FA3A32A4A0AC1007FC908 /* Project object */ = {
			isa = PBXProject;
			attributes = {
				BuildIndependentTargetsInParallel = 1;
				LastSwiftUpdateCheck = 1430;
				LastUpgradeCheck = 1430;
				TargetAttributes = {
					CE8FA3AA2A4A0AC1007FC908 = {
						CreatedOnToolsVersion = 14.3.1;
					};
				};
			};
			buildConfigurationList = CE8FA3A62A4A0AC1007FC908 /* Build configuration list for PBXProject "VetMap" */;
			compatibilityVersion = "Xcode 14.0";
			developmentRegion = en;
			hasScannedForEncodings = 0;
			knownRegions = (
				en,
				Base,
			);
			mainGroup = CE8FA3A22A4A0AC1007FC908;
			productRefGroup = CE8FA3AC2A4A0AC1007FC908 /* Products */;
			projectDirPath = "";
			projectRoot = "";
			targets = (
				CE8FA3AA2A4A0AC1007FC908 /* VetMap */,
			);
		};
/* End PBXProject section */

/* Begin PBXResourcesBuildPhase section */
		CE8FA3A92A4A0AC1007FC908 /* Resources */ = {
			isa = PBXResourcesBuildPhase;
			buildActionMask = 2147483647;
			files = (
				CE8FA3BE2A4A0AC4007FC908 /* LaunchScreen.storyboard in Resources */,
				CE8FA3BB2A4A0AC4007FC908 /* Assets.xcassets in Resources */,
				CE8FA3B62A4A0AC1007FC908 /* Main.storyboard in Resources */,
			);
			runOnlyForDeploymentPostprocessing = 0;
		};
/* End PBXResourcesBuildPhase section */

/* Begin PBXSourcesBuildPhase section */
		CE8FA3A72A4A0AC1007FC908 /* Sources */ = {
			isa = PBXSourcesBuildPhase;
			buildActionMask = 2147483647;
			files = (
				CE8FA3B92A4A0AC1007FC908 /* VetMap.xcdatamodeld in Sources */,
				CE8FA3B32A4A0AC1007FC908 /* MapViewController.swift in Sources */,
				CE8FA3C72A4A0F5C007FC908 /* LocationManager.swift in Sources */,
				CE8FA3AF2A4A0AC1007FC908 /* AppDelegate.swift in Sources */,
				CE8FA3CC2A4A23E5007FC908 /* MapManager.swift in Sources */,
				CE8FA3B12A4A0AC1007FC908 /* SceneDelegate.swift in Sources */,
			);
			runOnlyForDeploymentPostprocessing = 0;
		};
/* End PBXSourcesBuildPhase section */

/* Begin PBXVariantGroup section */
		CE8FA3B42A4A0AC1007FC908 /* Main.storyboard */ = {
			isa = PBXVariantGroup;
			children = (
				CE8FA3B52A4A0AC1007FC908 /* Base */,
			);
			name = Main.storyboard;
			sourceTree = "<group>";
		};
		CE8FA3BC2A4A0AC4007FC908 /* LaunchScreen.storyboard */ = {
			isa = PBXVariantGroup;
			children = (
				CE8FA3BD2A4A0AC4007FC908 /* Base */,
			);
			name = LaunchScreen.storyboard;
			sourceTree = "<group>";
		};
/* End PBXVariantGroup section */

/* Begin XCBuildConfiguration section */
		CE8FA3C02A4A0AC4007FC908 /* Debug */ = {
			isa = XCBuildConfiguration;
			buildSettings = {
				ALWAYS_SEARCH_USER_PATHS = NO;
				CLANG_ANALYZER_NONNULL = YES;
				CLANG_ANALYZER_NUMBER_OBJECT_CONVERSION = YES_AGGRESSIVE;
				CLANG_CXX_LANGUAGE_STANDARD = "gnu++20";
				CLANG_ENABLE_MODULES = YES;
				CLANG_ENABLE_OBJC_ARC = YES;
				CLANG_ENABLE_OBJC_WEAK = YES;
				CLANG_WARN_BLOCK_CAPTURE_AUTORELEASING = YES;
				CLANG_WARN_BOOL_CONVERSION = YES;
				CLANG_WARN_COMMA = YES;
				CLANG_WARN_CONSTANT_CONVERSION = YES;
				CLANG_WARN_DEPRECATED_OBJC_IMPLEMENTATIONS = YES;
				CLANG_WARN_DIRECT_OBJC_ISA_USAGE = YES_ERROR;
				CLANG_WARN_DOCUMENTATION_COMMENTS = YES;
				CLANG_WARN_EMPTY_BODY = YES;
				CLANG_WARN_ENUM_CONVERSION = YES;
				CLANG_WARN_INFINITE_RECURSION = YES;
				CLANG_WARN_INT_CONVERSION = YES;
				CLANG_WARN_NON_LITERAL_NULL_CONVERSION = YES;
				CLANG_WARN_OBJC_IMPLICIT_RETAIN_SELF = YES;
				CLANG_WARN_OBJC_LITERAL_CONVERSION = YES;
				CLANG_WARN_OBJC_ROOT_CLASS = YES_ERROR;
				CLANG_WARN_QUOTED_INCLUDE_IN_FRAMEWORK_HEADER = YES;
				CLANG_WARN_RANGE_LOOP_ANALYSIS = YES;
				CLANG_WARN_STRICT_PROTOTYPES = YES;
				CLANG_WARN_SUSPICIOUS_MOVE = YES;
				CLANG_WARN_UNGUARDED_AVAILABILITY = YES_AGGRESSIVE;
				CLANG_WARN_UNREACHABLE_CODE = YES;
				CLANG_WARN__DUPLICATE_METHOD_MATCH = YES;
				COPY_PHASE_STRIP = NO;
				DEBUG_INFORMATION_FORMAT = dwarf;
				ENABLE_STRICT_OBJC_MSGSEND = YES;
				ENABLE_TESTABILITY = YES;
				GCC_C_LANGUAGE_STANDARD = gnu11;
				GCC_DYNAMIC_NO_PIC = NO;
				GCC_NO_COMMON_BLOCKS = YES;
				GCC_OPTIMIZATION_LEVEL = 0;
				GCC_PREPROCESSOR_DEFINITIONS = (
					"DEBUG=1",
					"$(inherited)",
				);
				GCC_WARN_64_TO_32_BIT_CONVERSION = YES;
				GCC_WARN_ABOUT_RETURN_TYPE = YES_ERROR;
				GCC_WARN_UNDECLARED_SELECTOR = YES;
				GCC_WARN_UNINITIALIZED_AUTOS = YES_AGGRESSIVE;
				GCC_WARN_UNUSED_FUNCTION = YES;
				GCC_WARN_UNUSED_VARIABLE = YES;
				IPHONEOS_DEPLOYMENT_TARGET = 16.4;
				MTL_ENABLE_DEBUG_INFO = INCLUDE_SOURCE;
				MTL_FAST_MATH = YES;
				ONLY_ACTIVE_ARCH = YES;
				SDKROOT = iphoneos;
				SWIFT_ACTIVE_COMPILATION_CONDITIONS = DEBUG;
				SWIFT_OPTIMIZATION_LEVEL = "-Onone";
			};
			name = Debug;
		};
		CE8FA3C12A4A0AC4007FC908 /* Release */ = {
			isa = XCBuildConfiguration;
			buildSettings = {
				ALWAYS_SEARCH_USER_PATHS = NO;
				CLANG_ANALYZER_NONNULL = YES;
				CLANG_ANALYZER_NUMBER_OBJECT_CONVERSION = YES_AGGRESSIVE;
				CLANG_CXX_LANGUAGE_STANDARD = "gnu++20";
				CLANG_ENABLE_MODULES = YES;
				CLANG_ENABLE_OBJC_ARC = YES;
				CLANG_ENABLE_OBJC_WEAK = YES;
				CLANG_WARN_BLOCK_CAPTURE_AUTORELEASING = YES;
				CLANG_WARN_BOOL_CONVERSION = YES;
				CLANG_WARN_COMMA = YES;
				CLANG_WARN_CONSTANT_CONVERSION = YES;
				CLANG_WARN_DEPRECATED_OBJC_IMPLEMENTATIONS = YES;
				CLANG_WARN_DIRECT_OBJC_ISA_USAGE = YES_ERROR;
				CLANG_WARN_DOCUMENTATION_COMMENTS = YES;
				CLANG_WARN_EMPTY_BODY = YES;
				CLANG_WARN_ENUM_CONVERSION = YES;
				CLANG_WARN_INFINITE_RECURSION = YES;
				CLANG_WARN_INT_CONVERSION = YES;
				CLANG_WARN_NON_LITERAL_NULL_CONVERSION = YES;
				CLANG_WARN_OBJC_IMPLICIT_RETAIN_SELF = YES;
				CLANG_WARN_OBJC_LITERAL_CONVERSION = YES;
				CLANG_WARN_OBJC_ROOT_CLASS = YES_ERROR;
				CLANG_WARN_QUOTED_INCLUDE_IN_FRAMEWORK_HEADER = YES;
				CLANG_WARN_RANGE_LOOP_ANALYSIS = YES;
				CLANG_WARN_STRICT_PROTOTYPES = YES;
				CLANG_WARN_SUSPICIOUS_MOVE = YES;
				CLANG_WARN_UNGUARDED_AVAILABILITY = YES_AGGRESSIVE;
				CLANG_WARN_UNREACHABLE_CODE = YES;
				CLANG_WARN__DUPLICATE_METHOD_MATCH = YES;
				COPY_PHASE_STRIP = NO;
				DEBUG_INFORMATION_FORMAT = "dwarf-with-dsym";
				ENABLE_NS_ASSERTIONS = NO;
				ENABLE_STRICT_OBJC_MSGSEND = YES;
				GCC_C_LANGUAGE_STANDARD = gnu11;
				GCC_NO_COMMON_BLOCKS = YES;
				GCC_WARN_64_TO_32_BIT_CONVERSION = YES;
				GCC_WARN_ABOUT_RETURN_TYPE = YES_ERROR;
				GCC_WARN_UNDECLARED_SELECTOR = YES;
				GCC_WARN_UNINITIALIZED_AUTOS = YES_AGGRESSIVE;
				GCC_WARN_UNUSED_FUNCTION = YES;
				GCC_WARN_UNUSED_VARIABLE = YES;
				IPHONEOS_DEPLOYMENT_TARGET = 16.4;
				MTL_ENABLE_DEBUG_INFO = NO;
				MTL_FAST_MATH = YES;
				SDKROOT = iphoneos;
				SWIFT_COMPILATION_MODE = wholemodule;
				SWIFT_OPTIMIZATION_LEVEL = "-O";
				VALIDATE_PRODUCT = YES;
			};
			name = Release;
		};
		CE8FA3C32A4A0AC4007FC908 /* Debug */ = {
			isa = XCBuildConfiguration;
			buildSettings = {
				ASSETCATALOG_COMPILER_APPICON_NAME = AppIcon;
				ASSETCATALOG_COMPILER_GLOBAL_ACCENT_COLOR_NAME = AccentColor;
				CODE_SIGN_STYLE = Automatic;
				CURRENT_PROJECT_VERSION = 1;
				DEVELOPMENT_TEAM = T999GJYMD3;
				GENERATE_INFOPLIST_FILE = YES;
				INFOPLIST_FILE = VetMap/Info.plist;
				INFOPLIST_KEY_LSApplicationCategoryType = "public.app-category.navigation";
				INFOPLIST_KEY_UIApplicationSupportsIndirectInputEvents = YES;
				INFOPLIST_KEY_UILaunchStoryboardName = LaunchScreen;
				INFOPLIST_KEY_UIMainStoryboardFile = Main;
				INFOPLIST_KEY_UISupportedInterfaceOrientations_iPad = "UIInterfaceOrientationPortrait UIInterfaceOrientationPortraitUpsideDown UIInterfaceOrientationLandscapeLeft UIInterfaceOrientationLandscapeRight";
				INFOPLIST_KEY_UISupportedInterfaceOrientations_iPhone = "UIInterfaceOrientationPortrait UIInterfaceOrientationLandscapeLeft UIInterfaceOrientationLandscapeRight";
				IPHONEOS_DEPLOYMENT_TARGET = 15.6;
				LD_RUNPATH_SEARCH_PATHS = (
					"$(inherited)",
					"@executable_path/Frameworks",
				);
				MARKETING_VERSION = 1.0;
				PRODUCT_BUNDLE_IDENTIFIER = com.example.VetMap;
				PRODUCT_NAME = "$(TARGET_NAME)";
				SWIFT_EMIT_LOC_STRINGS = YES;
				SWIFT_VERSION = 5.0;
				TARGETED_DEVICE_FAMILY = "1,2";
			};
			name = Debug;
		};
		CE8FA3C42A4A0AC4007FC908 /* Release */ = {
			isa = XCBuildConfiguration;
			buildSettings = {
				ASSETCATALOG_COMPILER_APPICON_NAME = AppIcon;
				ASSETCATALOG_COMPILER_GLOBAL_ACCENT_COLOR_NAME = AccentColor;
				CODE_SIGN_STYLE = Automatic;
				CURRENT_PROJECT_VERSION = 1;
				DEVELOPMENT_TEAM = T999GJYMD3;
				GENERATE_INFOPLIST_FILE = YES;
				INFOPLIST_FILE = VetMap/Info.plist;
				INFOPLIST_KEY_LSApplicationCategoryType = "public.app-category.navigation";
				INFOPLIST_KEY_UIApplicationSupportsIndirectInputEvents = YES;
				INFOPLIST_KEY_UILaunchStoryboardName = LaunchScreen;
				INFOPLIST_KEY_UIMainStoryboardFile = Main;
				INFOPLIST_KEY_UISupportedInterfaceOrientations_iPad = "UIInterfaceOrientationPortrait UIInterfaceOrientationPortraitUpsideDown UIInterfaceOrientationLandscapeLeft UIInterfaceOrientationLandscapeRight";
				INFOPLIST_KEY_UISupportedInterfaceOrientations_iPhone = "UIInterfaceOrientationPortrait UIInterfaceOrientationLandscapeLeft UIInterfaceOrientationLandscapeRight";
				IPHONEOS_DEPLOYMENT_TARGET = 15.6;
				LD_RUNPATH_SEARCH_PATHS = (
					"$(inherited)",
					"@executable_path/Frameworks",
				);
				MARKETING_VERSION = 1.0;
				PRODUCT_BUNDLE_IDENTIFIER = com.example.VetMap;
				PRODUCT_NAME = "$(TARGET_NAME)";
				SWIFT_EMIT_LOC_STRINGS = YES;
				SWIFT_VERSION = 5.0;
				TARGETED_DEVICE_FAMILY = "1,2";
			};
			name = Release;
		};
/* End XCBuildConfiguration section */

/* Begin XCConfigurationList section */
		CE8FA3A62A4A0AC1007FC908 /* Build configuration list for PBXProject "VetMap" */ = {
			isa = XCConfigurationList;
			buildConfigurations = (
				CE8FA3C02A4A0AC4007FC908 /* Debug */,
				CE8FA3C12A4A0AC4007FC908 /* Release */,
			);
			defaultConfigurationIsVisible = 0;
			defaultConfigurationName = Release;
		};
		CE8FA3C22A4A0AC4007FC908 /* Build configuration list for PBXNativeTarget "VetMap" */ = {
			isa = XCConfigurationList;
			buildConfigurations = (
				CE8FA3C32A4A0AC4007FC908 /* Debug */,
				CE8FA3C42A4A0AC4007FC908 /* Release */,
			);
			defaultConfigurationIsVisible = 0;
			defaultConfigurationName = Release;
		};
/* End XCConfigurationList section */

/* Begin XCVersionGroup section */
		CE8FA3B72A4A0AC1007FC908 /* VetMap.xcdatamodeld */ = {
			isa = XCVersionGroup;
			children = (
				CE8FA3B82A4A0AC1007FC908 /* VetMap.xcdatamodel */,
			);
			currentVersion = CE8FA3B82A4A0AC1007FC908 /* VetMap.xcdatamodel */;
			path = VetMap.xcdatamodeld;
			sourceTree = "<group>";
			versionGroupType = wrapper.xcdatamodel;
		};
/* End XCVersionGroup section */
	};
	rootObject = CE8FA3A32A4A0AC1007FC908 /* Project object */;
}
