// !$*UTF8*$!
{
	archiveVersion = 1;
	classes = {
	};
	objectVersion = 56;
	objects = {

/* Begin PBXBuildFile section */
		9CF1596FDA36B0A07D7505C5 /* Pods_VetMap.framework in Frameworks */ = {isa = PBXBuildFile; fileRef = 8F693CA3532E094B6A8C3A4A /* Pods_VetMap.framework */; };
		CE1756732A572B64000F90C2 /* TipsViewController.swift in Sources */ = {isa = PBXBuildFile; fileRef = CE1756722A572B64000F90C2 /* TipsViewController.swift */; };
		CE1756752A572B7D000F90C2 /* TipsViewModel.swift in Sources */ = {isa = PBXBuildFile; fileRef = CE1756742A572B7D000F90C2 /* TipsViewModel.swift */; };
		CE1756772A572B93000F90C2 /* ArticleModels.swift in Sources */ = {isa = PBXBuildFile; fileRef = CE1756762A572B93000F90C2 /* ArticleModels.swift */; };
		CE17567B2A573D34000F90C2 /* GoogleService-Info.plist in Resources */ = {isa = PBXBuildFile; fileRef = CE17567A2A573D34000F90C2 /* GoogleService-Info.plist */; };
		CE291CD92ABDF92B009372AF /* AuthViewModel.swift in Sources */ = {isa = PBXBuildFile; fileRef = CE291CD82ABDF92B009372AF /* AuthViewModel.swift */; };
		CE291CDB2ABDF974009372AF /* AuthViewController.swift in Sources */ = {isa = PBXBuildFile; fileRef = CE291CDA2ABDF974009372AF /* AuthViewController.swift */; };
		CE291CDD2ABDF9F0009372AF /* AuthViewCoordinator.swift in Sources */ = {isa = PBXBuildFile; fileRef = CE291CDC2ABDF9F0009372AF /* AuthViewCoordinator.swift */; };
		CE291CE42ABE0B29009372AF /* SignUpViewCoordinator.swift in Sources */ = {isa = PBXBuildFile; fileRef = CE291CE32ABE0B29009372AF /* SignUpViewCoordinator.swift */; };
		CE291CE62ABE0B49009372AF /* SignUpViewModel.swift in Sources */ = {isa = PBXBuildFile; fileRef = CE291CE52ABE0B49009372AF /* SignUpViewModel.swift */; };
		CE291CE82ABE0B7E009372AF /* SignUpViewController.swift in Sources */ = {isa = PBXBuildFile; fileRef = CE291CE72ABE0B7E009372AF /* SignUpViewController.swift */; };
		CE37D7C02A57466900E89AAB /* FirebaseManager.swift in Sources */ = {isa = PBXBuildFile; fileRef = CE37D7BF2A57466900E89AAB /* FirebaseManager.swift */; };
		CE5121A92A504F6D00C5B7E7 /* CustomMarkerAnnotationView.swift in Sources */ = {isa = PBXBuildFile; fileRef = CE5121A82A504F6D00C5B7E7 /* CustomMarkerAnnotationView.swift */; };
		CE5121AB2A505C3B00C5B7E7 /* UIViewController+adjustLargeTitleSize().swift in Sources */ = {isa = PBXBuildFile; fileRef = CE5121AA2A505C3B00C5B7E7 /* UIViewController+adjustLargeTitleSize().swift */; };
		CE64595C2A7DA8EE009B061A /* AppointmentsScreenView.swift in Sources */ = {isa = PBXBuildFile; fileRef = CE64595B2A7DA8EE009B061A /* AppointmentsScreenView.swift */; };
		CE64595E2A7DAC19009B061A /* AppointmentsViewController.swift in Sources */ = {isa = PBXBuildFile; fileRef = CE64595D2A7DAC19009B061A /* AppointmentsViewController.swift */; };
		CE6599A22A83E50400AFE08A /* PaddingLabel.swift in Sources */ = {isa = PBXBuildFile; fileRef = CE6599A12A83E50400AFE08A /* PaddingLabel.swift */; };
		CE6599A42A83F08800AFE08A /* UILabel+setAttributedTextWithSystemImage.swift in Sources */ = {isa = PBXBuildFile; fileRef = CE6599A32A83F08800AFE08A /* UILabel+setAttributedTextWithSystemImage.swift */; };
		CE664D322A5362B500972046 /* MainTabBarController.swift in Sources */ = {isa = PBXBuildFile; fileRef = CE664D312A5362B500972046 /* MainTabBarController.swift */; };
		CE67DCAC2A5C740A00C73305 /* Errors.swift in Sources */ = {isa = PBXBuildFile; fileRef = CE67DCAB2A5C740A00C73305 /* Errors.swift */; };
		CE7B3B172A5E0DE7004B8A21 /* DatabaseManager.swift in Sources */ = {isa = PBXBuildFile; fileRef = CE7B3B162A5E0DE7004B8A21 /* DatabaseManager.swift */; };
		CE89D0472ABDD45500F48C1E /* AppMainCoordinator.swift in Sources */ = {isa = PBXBuildFile; fileRef = CE89D0462ABDD45500F48C1E /* AppMainCoordinator.swift */; };
		CE89D0492ABDD48100F48C1E /* AppDependencyContainer.swift in Sources */ = {isa = PBXBuildFile; fileRef = CE89D0482ABDD48100F48C1E /* AppDependencyContainer.swift */; };
		CE8FA3AF2A4A0AC1007FC908 /* AppDelegate.swift in Sources */ = {isa = PBXBuildFile; fileRef = CE8FA3AE2A4A0AC1007FC908 /* AppDelegate.swift */; };
		CE8FA3B12A4A0AC1007FC908 /* SceneDelegate.swift in Sources */ = {isa = PBXBuildFile; fileRef = CE8FA3B02A4A0AC1007FC908 /* SceneDelegate.swift */; };
		CE8FA3B32A4A0AC1007FC908 /* VetsViewController.swift in Sources */ = {isa = PBXBuildFile; fileRef = CE8FA3B22A4A0AC1007FC908 /* VetsViewController.swift */; };
		CE8FA3B92A4A0AC1007FC908 /* VetMap.xcdatamodeld in Sources */ = {isa = PBXBuildFile; fileRef = CE8FA3B72A4A0AC1007FC908 /* VetMap.xcdatamodeld */; };
		CE8FA3BB2A4A0AC4007FC908 /* Assets.xcassets in Resources */ = {isa = PBXBuildFile; fileRef = CE8FA3BA2A4A0AC4007FC908 /* Assets.xcassets */; };
		CE8FA3BE2A4A0AC4007FC908 /* LaunchScreen.storyboard in Resources */ = {isa = PBXBuildFile; fileRef = CE8FA3BC2A4A0AC4007FC908 /* LaunchScreen.storyboard */; };
		CE8FA3C72A4A0F5C007FC908 /* LocationManager.swift in Sources */ = {isa = PBXBuildFile; fileRef = CE8FA3C62A4A0F5C007FC908 /* LocationManager.swift */; };
		CE8FA3CC2A4A23E5007FC908 /* MapManager.swift in Sources */ = {isa = PBXBuildFile; fileRef = CE8FA3CB2A4A23E5007FC908 /* MapManager.swift */; };
		CEB618AF2A81236800CCD5E4 /* AppointmentsViewModel.swift in Sources */ = {isa = PBXBuildFile; fileRef = CEB618AE2A81236800CCD5E4 /* AppointmentsViewModel.swift */; };
		CEB618B62A81264600CCD5E4 /* VetsViewCoordinator.swift in Sources */ = {isa = PBXBuildFile; fileRef = CEB618B52A81264600CCD5E4 /* VetsViewCoordinator.swift */; };
		CEB618BD2A812CEA00CCD5E4 /* CoordinatorProtocol.swift in Sources */ = {isa = PBXBuildFile; fileRef = CEB618BC2A812CEA00CCD5E4 /* CoordinatorProtocol.swift */; };
		CEB618C92A819C8800CCD5E4 /* AppointmentsViewCoordinator.swift in Sources */ = {isa = PBXBuildFile; fileRef = CEB618C82A819C8800CCD5E4 /* AppointmentsViewCoordinator.swift */; };
		CEB618CB2A81A19700CCD5E4 /* TipsViewCoordinator.swift in Sources */ = {isa = PBXBuildFile; fileRef = CEB618CA2A81A19700CCD5E4 /* TipsViewCoordinator.swift */; };
		CEB751732A4B0ACB0044709E /* VetsViewModel.swift in Sources */ = {isa = PBXBuildFile; fileRef = CEB751722A4B0ACB0044709E /* VetsViewModel.swift */; };
		CEE31E342A6476B700F6E4A0 /* ArticleEntity.swift in Sources */ = {isa = PBXBuildFile; fileRef = CEE31E332A6476B700F6E4A0 /* ArticleEntity.swift */; };
		CEE4EFB62A597FC90027A19A /* TipsTableViewCell.swift in Sources */ = {isa = PBXBuildFile; fileRef = CEE4EFB52A597FC90027A19A /* TipsTableViewCell.swift */; };
		CEE4EFB82A599ECA0027A19A /* ImagesManager.swift in Sources */ = {isa = PBXBuildFile; fileRef = CEE4EFB72A599ECA0027A19A /* ImagesManager.swift */; };
		CEF6B1612A4CA39C00A0E1FB /* Podfile in Resources */ = {isa = PBXBuildFile; fileRef = CEF6B1602A4CA39C00A0E1FB /* Podfile */; };
/* End PBXBuildFile section */

/* Begin PBXFileReference section */
		4DDEEFB4869AD1C5C0399AE9 /* Pods-VetMap.debug.xcconfig */ = {isa = PBXFileReference; includeInIndex = 1; lastKnownFileType = text.xcconfig; name = "Pods-VetMap.debug.xcconfig"; path = "Target Support Files/Pods-VetMap/Pods-VetMap.debug.xcconfig"; sourceTree = "<group>"; };
		586C2C2C8398767B0FFB4C1A /* Pods-VetMap.release.xcconfig */ = {isa = PBXFileReference; includeInIndex = 1; lastKnownFileType = text.xcconfig; name = "Pods-VetMap.release.xcconfig"; path = "Target Support Files/Pods-VetMap/Pods-VetMap.release.xcconfig"; sourceTree = "<group>"; };
		8F693CA3532E094B6A8C3A4A /* Pods_VetMap.framework */ = {isa = PBXFileReference; explicitFileType = wrapper.framework; includeInIndex = 0; path = Pods_VetMap.framework; sourceTree = BUILT_PRODUCTS_DIR; };
		CE1756722A572B64000F90C2 /* TipsViewController.swift */ = {isa = PBXFileReference; lastKnownFileType = sourcecode.swift; path = TipsViewController.swift; sourceTree = "<group>"; };
		CE1756742A572B7D000F90C2 /* TipsViewModel.swift */ = {isa = PBXFileReference; lastKnownFileType = sourcecode.swift; path = TipsViewModel.swift; sourceTree = "<group>"; };
		CE1756762A572B93000F90C2 /* ArticleModels.swift */ = {isa = PBXFileReference; lastKnownFileType = sourcecode.swift; path = ArticleModels.swift; sourceTree = "<group>"; };
		CE17567A2A573D34000F90C2 /* GoogleService-Info.plist */ = {isa = PBXFileReference; fileEncoding = 4; lastKnownFileType = text.plist.xml; path = "GoogleService-Info.plist"; sourceTree = "<group>"; };
		CE291CD82ABDF92B009372AF /* AuthViewModel.swift */ = {isa = PBXFileReference; lastKnownFileType = sourcecode.swift; path = AuthViewModel.swift; sourceTree = "<group>"; };
		CE291CDA2ABDF974009372AF /* AuthViewController.swift */ = {isa = PBXFileReference; lastKnownFileType = sourcecode.swift; path = AuthViewController.swift; sourceTree = "<group>"; };
		CE291CDC2ABDF9F0009372AF /* AuthViewCoordinator.swift */ = {isa = PBXFileReference; lastKnownFileType = sourcecode.swift; path = AuthViewCoordinator.swift; sourceTree = "<group>"; };
		CE291CE32ABE0B29009372AF /* SignUpViewCoordinator.swift */ = {isa = PBXFileReference; lastKnownFileType = sourcecode.swift; path = SignUpViewCoordinator.swift; sourceTree = "<group>"; };
		CE291CE52ABE0B49009372AF /* SignUpViewModel.swift */ = {isa = PBXFileReference; lastKnownFileType = sourcecode.swift; path = SignUpViewModel.swift; sourceTree = "<group>"; };
		CE291CE72ABE0B7E009372AF /* SignUpViewController.swift */ = {isa = PBXFileReference; lastKnownFileType = sourcecode.swift; path = SignUpViewController.swift; sourceTree = "<group>"; };
		CE37D7BF2A57466900E89AAB /* FirebaseManager.swift */ = {isa = PBXFileReference; lastKnownFileType = sourcecode.swift; path = FirebaseManager.swift; sourceTree = "<group>"; };
		CE5121A82A504F6D00C5B7E7 /* CustomMarkerAnnotationView.swift */ = {isa = PBXFileReference; lastKnownFileType = sourcecode.swift; path = CustomMarkerAnnotationView.swift; sourceTree = "<group>"; };
		CE5121AA2A505C3B00C5B7E7 /* UIViewController+adjustLargeTitleSize().swift */ = {isa = PBXFileReference; lastKnownFileType = sourcecode.swift; path = "UIViewController+adjustLargeTitleSize().swift"; sourceTree = "<group>"; };
		CE64595B2A7DA8EE009B061A /* AppointmentsScreenView.swift */ = {isa = PBXFileReference; lastKnownFileType = sourcecode.swift; path = AppointmentsScreenView.swift; sourceTree = "<group>"; };
		CE64595D2A7DAC19009B061A /* AppointmentsViewController.swift */ = {isa = PBXFileReference; lastKnownFileType = sourcecode.swift; path = AppointmentsViewController.swift; sourceTree = "<group>"; };
		CE6599A12A83E50400AFE08A /* PaddingLabel.swift */ = {isa = PBXFileReference; lastKnownFileType = sourcecode.swift; path = PaddingLabel.swift; sourceTree = "<group>"; };
		CE6599A32A83F08800AFE08A /* UILabel+setAttributedTextWithSystemImage.swift */ = {isa = PBXFileReference; lastKnownFileType = sourcecode.swift; path = "UILabel+setAttributedTextWithSystemImage.swift"; sourceTree = "<group>"; };
		CE664D312A5362B500972046 /* MainTabBarController.swift */ = {isa = PBXFileReference; lastKnownFileType = sourcecode.swift; path = MainTabBarController.swift; sourceTree = "<group>"; };
		CE67DCAB2A5C740A00C73305 /* Errors.swift */ = {isa = PBXFileReference; lastKnownFileType = sourcecode.swift; path = Errors.swift; sourceTree = "<group>"; };
		CE7B3B162A5E0DE7004B8A21 /* DatabaseManager.swift */ = {isa = PBXFileReference; lastKnownFileType = sourcecode.swift; path = DatabaseManager.swift; sourceTree = "<group>"; };
		CE89D0462ABDD45500F48C1E /* AppMainCoordinator.swift */ = {isa = PBXFileReference; lastKnownFileType = sourcecode.swift; path = AppMainCoordinator.swift; sourceTree = "<group>"; };
		CE89D0482ABDD48100F48C1E /* AppDependencyContainer.swift */ = {isa = PBXFileReference; lastKnownFileType = sourcecode.swift; path = AppDependencyContainer.swift; sourceTree = "<group>"; };
		CE8FA3AB2A4A0AC1007FC908 /* VetMap.app */ = {isa = PBXFileReference; explicitFileType = wrapper.application; includeInIndex = 0; path = VetMap.app; sourceTree = BUILT_PRODUCTS_DIR; };
		CE8FA3AE2A4A0AC1007FC908 /* AppDelegate.swift */ = {isa = PBXFileReference; lastKnownFileType = sourcecode.swift; path = AppDelegate.swift; sourceTree = "<group>"; };
		CE8FA3B02A4A0AC1007FC908 /* SceneDelegate.swift */ = {isa = PBXFileReference; lastKnownFileType = sourcecode.swift; path = SceneDelegate.swift; sourceTree = "<group>"; };
		CE8FA3B22A4A0AC1007FC908 /* VetsViewController.swift */ = {isa = PBXFileReference; lastKnownFileType = sourcecode.swift; path = VetsViewController.swift; sourceTree = "<group>"; };
		CE8FA3B82A4A0AC1007FC908 /* VetMap.xcdatamodel */ = {isa = PBXFileReference; lastKnownFileType = wrapper.xcdatamodel; path = VetMap.xcdatamodel; sourceTree = "<group>"; };
		CE8FA3BA2A4A0AC4007FC908 /* Assets.xcassets */ = {isa = PBXFileReference; lastKnownFileType = folder.assetcatalog; path = Assets.xcassets; sourceTree = "<group>"; };
		CE8FA3BD2A4A0AC4007FC908 /* Base */ = {isa = PBXFileReference; lastKnownFileType = file.storyboard; name = Base; path = Base.lproj/LaunchScreen.storyboard; sourceTree = "<group>"; };
		CE8FA3BF2A4A0AC4007FC908 /* Info.plist */ = {isa = PBXFileReference; lastKnownFileType = text.plist.xml; path = Info.plist; sourceTree = "<group>"; };
		CE8FA3C62A4A0F5C007FC908 /* LocationManager.swift */ = {isa = PBXFileReference; lastKnownFileType = sourcecode.swift; path = LocationManager.swift; sourceTree = "<group>"; };
		CE8FA3CB2A4A23E5007FC908 /* MapManager.swift */ = {isa = PBXFileReference; lastKnownFileType = sourcecode.swift; path = MapManager.swift; sourceTree = "<group>"; };
		CEB618AE2A81236800CCD5E4 /* AppointmentsViewModel.swift */ = {isa = PBXFileReference; lastKnownFileType = sourcecode.swift; path = AppointmentsViewModel.swift; sourceTree = "<group>"; };
		CEB618B52A81264600CCD5E4 /* VetsViewCoordinator.swift */ = {isa = PBXFileReference; lastKnownFileType = sourcecode.swift; path = VetsViewCoordinator.swift; sourceTree = "<group>"; };
		CEB618BC2A812CEA00CCD5E4 /* CoordinatorProtocol.swift */ = {isa = PBXFileReference; lastKnownFileType = sourcecode.swift; path = CoordinatorProtocol.swift; sourceTree = "<group>"; };
		CEB618C82A819C8800CCD5E4 /* AppointmentsViewCoordinator.swift */ = {isa = PBXFileReference; lastKnownFileType = sourcecode.swift; path = AppointmentsViewCoordinator.swift; sourceTree = "<group>"; };
		CEB618CA2A81A19700CCD5E4 /* TipsViewCoordinator.swift */ = {isa = PBXFileReference; lastKnownFileType = sourcecode.swift; path = TipsViewCoordinator.swift; sourceTree = "<group>"; };
		CEB751722A4B0ACB0044709E /* VetsViewModel.swift */ = {isa = PBXFileReference; lastKnownFileType = sourcecode.swift; path = VetsViewModel.swift; sourceTree = "<group>"; };
		CEE31E332A6476B700F6E4A0 /* ArticleEntity.swift */ = {isa = PBXFileReference; lastKnownFileType = sourcecode.swift; path = ArticleEntity.swift; sourceTree = "<group>"; };
		CEE4EFB52A597FC90027A19A /* TipsTableViewCell.swift */ = {isa = PBXFileReference; lastKnownFileType = sourcecode.swift; path = TipsTableViewCell.swift; sourceTree = "<group>"; };
		CEE4EFB72A599ECA0027A19A /* ImagesManager.swift */ = {isa = PBXFileReference; lastKnownFileType = sourcecode.swift; path = ImagesManager.swift; sourceTree = "<group>"; };
		CEF6B1602A4CA39C00A0E1FB /* Podfile */ = {isa = PBXFileReference; fileEncoding = 4; lastKnownFileType = text; path = Podfile; sourceTree = "<group>"; xcLanguageSpecificationIdentifier = xcode.lang.ruby; };
/* End PBXFileReference section */

/* Begin PBXFrameworksBuildPhase section */
		CE8FA3A82A4A0AC1007FC908 /* Frameworks */ = {
			isa = PBXFrameworksBuildPhase;
			buildActionMask = 2147483647;
			files = (
				9CF1596FDA36B0A07D7505C5 /* Pods_VetMap.framework in Frameworks */,
			);
			runOnlyForDeploymentPostprocessing = 0;
		};
/* End PBXFrameworksBuildPhase section */

/* Begin PBXGroup section */
		30B1DAA297866F6764C4E3F7 /* Pods */ = {
			isa = PBXGroup;
			children = (
				4DDEEFB4869AD1C5C0399AE9 /* Pods-VetMap.debug.xcconfig */,
				586C2C2C8398767B0FFB4C1A /* Pods-VetMap.release.xcconfig */,
			);
			path = Pods;
			sourceTree = "<group>";
		};
		94EA728AD41ED4ED01504F19 /* Frameworks */ = {
			isa = PBXGroup;
			children = (
				8F693CA3532E094B6A8C3A4A /* Pods_VetMap.framework */,
			);
			name = Frameworks;
			sourceTree = "<group>";
		};
		CE291CD42ABDF8F6009372AF /* AuthScreen */ = {
			isa = PBXGroup;
			children = (
				CE291CD72ABDF915009372AF /* Coordinator */,
				CE291CD62ABDF910009372AF /* ViewModel */,
				CE291CD52ABDF90B009372AF /* View */,
			);
			path = AuthScreen;
			sourceTree = "<group>";
		};
		CE291CD52ABDF90B009372AF /* View */ = {
			isa = PBXGroup;
			children = (
				CE291CDA2ABDF974009372AF /* AuthViewController.swift */,
			);
			path = View;
			sourceTree = "<group>";
		};
		CE291CD62ABDF910009372AF /* ViewModel */ = {
			isa = PBXGroup;
			children = (
				CE291CD82ABDF92B009372AF /* AuthViewModel.swift */,
			);
			path = ViewModel;
			sourceTree = "<group>";
		};
		CE291CD72ABDF915009372AF /* Coordinator */ = {
			isa = PBXGroup;
			children = (
				CE291CDC2ABDF9F0009372AF /* AuthViewCoordinator.swift */,
			);
			path = Coordinator;
			sourceTree = "<group>";
		};
		CE291CDE2ABE0A87009372AF /* SignUpScreen */ = {
			isa = PBXGroup;
			children = (
				CE291CE02ABE0AD2009372AF /* SignUpViewCoordinator */,
				CE291CE12ABE0AEA009372AF /* SignUpViewModel */,
				CE291CE22ABE0AF5009372AF /* SignUpViewController */,
			);
			path = SignUpScreen;
			sourceTree = "<group>";
		};
		CE291CE02ABE0AD2009372AF /* SignUpViewCoordinator */ = {
			isa = PBXGroup;
			children = (
				CE291CE32ABE0B29009372AF /* SignUpViewCoordinator.swift */,
			);
			path = SignUpViewCoordinator;
			sourceTree = "<group>";
		};
		CE291CE12ABE0AEA009372AF /* SignUpViewModel */ = {
			isa = PBXGroup;
			children = (
				CE291CE52ABE0B49009372AF /* SignUpViewModel.swift */,
			);
			path = SignUpViewModel;
			sourceTree = "<group>";
		};
		CE291CE22ABE0AF5009372AF /* SignUpViewController */ = {
			isa = PBXGroup;
			children = (
				CE291CE72ABE0B7E009372AF /* SignUpViewController.swift */,
			);
			path = SignUpViewController;
			sourceTree = "<group>";
		};
		CE43CE752ABE303100783E28 /* Common */ = {
			isa = PBXGroup;
			children = (
				CE5121AC2A505C4100C5B7E7 /* Extensions */,
			);
			path = Common;
			sourceTree = "<group>";
		};
		CE43CE762ABE30E200783E28 /* FirebaseManager */ = {
			isa = PBXGroup;
			children = (
				CE37D7BF2A57466900E89AAB /* FirebaseManager.swift */,
				CE43CE772ABE310A00783E28 /* FirebaseConfig */,
			);
			path = FirebaseManager;
			sourceTree = "<group>";
		};
		CE43CE772ABE310A00783E28 /* FirebaseConfig */ = {
			isa = PBXGroup;
			children = (
				CE17567A2A573D34000F90C2 /* GoogleService-Info.plist */,
			);
			path = FirebaseConfig;
			sourceTree = "<group>";
		};
		CE5121AC2A505C4100C5B7E7 /* Extensions */ = {
			isa = PBXGroup;
			children = (
				CE5121AA2A505C3B00C5B7E7 /* UIViewController+adjustLargeTitleSize().swift */,
				CE6599A32A83F08800AFE08A /* UILabel+setAttributedTextWithSystemImage.swift */,
			);
			path = Extensions;
			sourceTree = "<group>";
		};
		CE64595A2A7DA88C009B061A /* CustomUI */ = {
			isa = PBXGroup;
			children = (
				CE64595B2A7DA8EE009B061A /* AppointmentsScreenView.swift */,
				CE6599A12A83E50400AFE08A /* PaddingLabel.swift */,
			);
			path = CustomUI;
			sourceTree = "<group>";
		};
		CE89D04A2ABDE1BC00F48C1E /* AppMainCoordinator */ = {
			isa = PBXGroup;
			children = (
				CE89D0462ABDD45500F48C1E /* AppMainCoordinator.swift */,
				CEB618BC2A812CEA00CCD5E4 /* CoordinatorProtocol.swift */,
			);
			path = AppMainCoordinator;
			sourceTree = "<group>";
		};
		CE89D04B2ABDE52200F48C1E /* Coordinator */ = {
			isa = PBXGroup;
			children = (
				CEB618B52A81264600CCD5E4 /* VetsViewCoordinator.swift */,
			);
			path = Coordinator;
			sourceTree = "<group>";
		};
		CE89D04C2ABDE53400F48C1E /* ViewModel */ = {
			isa = PBXGroup;
			children = (
				CEB751722A4B0ACB0044709E /* VetsViewModel.swift */,
			);
			path = ViewModel;
			sourceTree = "<group>";
		};
		CE89D04D2ABDE55000F48C1E /* View */ = {
			isa = PBXGroup;
			children = (
				CE8FA3B22A4A0AC1007FC908 /* VetsViewController.swift */,
			);
			path = View;
			sourceTree = "<group>";
		};
		CE89D04E2ABDE56D00F48C1E /* View */ = {
			isa = PBXGroup;
			children = (
				CE64595D2A7DAC19009B061A /* AppointmentsViewController.swift */,
			);
			path = View;
			sourceTree = "<group>";
		};
		CE89D04F2ABDE57400F48C1E /* ViewModel */ = {
			isa = PBXGroup;
			children = (
				CEB618AE2A81236800CCD5E4 /* AppointmentsViewModel.swift */,
			);
			path = ViewModel;
			sourceTree = "<group>";
		};
		CE89D0502ABDE57F00F48C1E /* Coordinator */ = {
			isa = PBXGroup;
			children = (
				CEB618C82A819C8800CCD5E4 /* AppointmentsViewCoordinator.swift */,
			);
			path = Coordinator;
			sourceTree = "<group>";
		};
		CE89D0512ABDE59300F48C1E /* View */ = {
			isa = PBXGroup;
			children = (
				CE1756722A572B64000F90C2 /* TipsViewController.swift */,
			);
			path = View;
			sourceTree = "<group>";
		};
		CE89D0522ABDE5A000F48C1E /* ViewModel */ = {
			isa = PBXGroup;
			children = (
				CE1756742A572B7D000F90C2 /* TipsViewModel.swift */,
			);
			path = ViewModel;
			sourceTree = "<group>";
		};
		CE89D0532ABDE5AF00F48C1E /* Coordinator */ = {
			isa = PBXGroup;
			children = (
				CEB618CA2A81A19700CCD5E4 /* TipsViewCoordinator.swift */,
			);
			path = Coordinator;
			sourceTree = "<group>";
		};
		CE89D0542ABDE5D100F48C1E /* Resources */ = {
			isa = PBXGroup;
			children = (
				CE8FA3BA2A4A0AC4007FC908 /* Assets.xcassets */,
				CE8FA3BC2A4A0AC4007FC908 /* LaunchScreen.storyboard */,
				CE8FA3BF2A4A0AC4007FC908 /* Info.plist */,
			);
			path = Resources;
			sourceTree = "<group>";
		};
		CE89D0552ABDE64800F48C1E /* Application */ = {
			isa = PBXGroup;
			children = (
				CE8FA3AE2A4A0AC1007FC908 /* AppDelegate.swift */,
				CE8FA3B02A4A0AC1007FC908 /* SceneDelegate.swift */,
				CE89D0482ABDD48100F48C1E /* AppDependencyContainer.swift */,
				CE89D04A2ABDE1BC00F48C1E /* AppMainCoordinator */,
			);
			path = Application;
			sourceTree = "<group>";
		};
		CE8FA3A22A4A0AC1007FC908 = {
			isa = PBXGroup;
			children = (
				CEF6B1602A4CA39C00A0E1FB /* Podfile */,
				CE8FA3AD2A4A0AC1007FC908 /* VetMap */,
				CE8FA3AC2A4A0AC1007FC908 /* Products */,
				30B1DAA297866F6764C4E3F7 /* Pods */,
				94EA728AD41ED4ED01504F19 /* Frameworks */,
			);
			sourceTree = "<group>";
		};
		CE8FA3AC2A4A0AC1007FC908 /* Products */ = {
			isa = PBXGroup;
			children = (
				CE8FA3AB2A4A0AC1007FC908 /* VetMap.app */,
			);
			name = Products;
			sourceTree = "<group>";
		};
		CE8FA3AD2A4A0AC1007FC908 /* VetMap */ = {
			isa = PBXGroup;
			children = (
				CE89D0552ABDE64800F48C1E /* Application */,
				CEB618B02A81239300CCD5E4 /* Bussiness */,
				CEB618AA2A81227200CCD5E4 /* UI */,
				CE43CE752ABE303100783E28 /* Common */,
				CE89D0542ABDE5D100F48C1E /* Resources */,
				CE8FA3B72A4A0AC1007FC908 /* VetMap.xcdatamodeld */,
			);
			path = VetMap;
			sourceTree = "<group>";
		};
		CE8FA3C52A4A0F45007FC908 /* Managers */ = {
			isa = PBXGroup;
			children = (
				CE43CE762ABE30E200783E28 /* FirebaseManager */,
				CE8FA3C62A4A0F5C007FC908 /* LocationManager.swift */,
				CE8FA3CB2A4A23E5007FC908 /* MapManager.swift */,
				CEE4EFB72A599ECA0027A19A /* ImagesManager.swift */,
				CE7B3B162A5E0DE7004B8A21 /* DatabaseManager.swift */,
			);
			path = Managers;
			sourceTree = "<group>";
		};
		CE8FA3C92A4A23A3007FC908 /* Models */ = {
			isa = PBXGroup;
			children = (
				CE1756762A572B93000F90C2 /* ArticleModels.swift */,
				CEE31E352A6476C000F6E4A0 /* DatabaseModels */,
			);
			path = Models;
			sourceTree = "<group>";
		};
		CEB618AA2A81227200CCD5E4 /* UI */ = {
			isa = PBXGroup;
			children = (
				CE291CD42ABDF8F6009372AF /* AuthScreen */,
				CE291CDE2ABE0A87009372AF /* SignUpScreen */,
				CEB618AC2A81231000CCD5E4 /* Vets */,
				CEB618AB2A8122CE00CCD5E4 /* Appointments */,
				CEB618AD2A81231900CCD5E4 /* Tips */,
				CEB618B22A81240A00CCD5E4 /* MainTabBar */,
			);
			path = UI;
			sourceTree = "<group>";
		};
		CEB618AB2A8122CE00CCD5E4 /* Appointments */ = {
			isa = PBXGroup;
			children = (
				CE89D0502ABDE57F00F48C1E /* Coordinator */,
				CE89D04F2ABDE57400F48C1E /* ViewModel */,
				CE89D04E2ABDE56D00F48C1E /* View */,
				CE64595A2A7DA88C009B061A /* CustomUI */,
			);
			path = Appointments;
			sourceTree = "<group>";
		};
		CEB618AC2A81231000CCD5E4 /* Vets */ = {
			isa = PBXGroup;
			children = (
				CE89D04B2ABDE52200F48C1E /* Coordinator */,
				CE89D04C2ABDE53400F48C1E /* ViewModel */,
				CE89D04D2ABDE55000F48C1E /* View */,
				CEB618B12A8123E600CCD5E4 /* CustomUI */,
			);
			path = Vets;
			sourceTree = "<group>";
		};
		CEB618AD2A81231900CCD5E4 /* Tips */ = {
			isa = PBXGroup;
			children = (
				CE89D0532ABDE5AF00F48C1E /* Coordinator */,
				CE89D0522ABDE5A000F48C1E /* ViewModel */,
				CE89D0512ABDE59300F48C1E /* View */,
				CEB618B32A81245500CCD5E4 /* CustomUI */,
			);
			path = Tips;
			sourceTree = "<group>";
		};
		CEB618B02A81239300CCD5E4 /* Bussiness */ = {
			isa = PBXGroup;
			children = (
				CE8FA3C52A4A0F45007FC908 /* Managers */,
				CE8FA3C92A4A23A3007FC908 /* Models */,
				CEB618B42A8124A200CCD5E4 /* ErrorHandling */,
			);
			path = Bussiness;
			sourceTree = "<group>";
		};
		CEB618B12A8123E600CCD5E4 /* CustomUI */ = {
			isa = PBXGroup;
			children = (
				CE5121A82A504F6D00C5B7E7 /* CustomMarkerAnnotationView.swift */,
			);
			path = CustomUI;
			sourceTree = "<group>";
		};
		CEB618B22A81240A00CCD5E4 /* MainTabBar */ = {
			isa = PBXGroup;
			children = (
				CE664D312A5362B500972046 /* MainTabBarController.swift */,
			);
			path = MainTabBar;
			sourceTree = "<group>";
		};
		CEB618B32A81245500CCD5E4 /* CustomUI */ = {
			isa = PBXGroup;
			children = (
				CEE4EFB52A597FC90027A19A /* TipsTableViewCell.swift */,
			);
			path = CustomUI;
			sourceTree = "<group>";
		};
		CEB618B42A8124A200CCD5E4 /* ErrorHandling */ = {
			isa = PBXGroup;
			children = (
				CE67DCAB2A5C740A00C73305 /* Errors.swift */,
			);
			path = ErrorHandling;
			sourceTree = "<group>";
		};
		CEE31E352A6476C000F6E4A0 /* DatabaseModels */ = {
			isa = PBXGroup;
			children = (
				CEE31E332A6476B700F6E4A0 /* ArticleEntity.swift */,
			);
			path = DatabaseModels;
			sourceTree = "<group>";
		};
/* End PBXGroup section */

/* Begin PBXNativeTarget section */
		CE8FA3AA2A4A0AC1007FC908 /* VetMap */ = {
			isa = PBXNativeTarget;
			buildConfigurationList = CE8FA3C22A4A0AC4007FC908 /* Build configuration list for PBXNativeTarget "VetMap" */;
			buildPhases = (
				902A1DF415CDDA5F9CA2E788 /* [CP] Check Pods Manifest.lock */,
				CE8FA3A72A4A0AC1007FC908 /* Sources */,
				CE8FA3A82A4A0AC1007FC908 /* Frameworks */,
				CE8FA3A92A4A0AC1007FC908 /* Resources */,
				70CF16357EA0A941A86A1298 /* [CP] Embed Pods Frameworks */,
			);
			buildRules = (
			);
			dependencies = (
			);
			name = VetMap;
			packageProductDependencies = (
			);
			productName = VetMap;
			productReference = CE8FA3AB2A4A0AC1007FC908 /* VetMap.app */;
			productType = "com.apple.product-type.application";
		};
/* End PBXNativeTarget section */

/* Begin PBXProject section */
		CE8FA3A32A4A0AC1007FC908 /* Project object */ = {
			isa = PBXProject;
			attributes = {
				BuildIndependentTargetsInParallel = 1;
				LastSwiftUpdateCheck = 1430;
				LastUpgradeCheck = 1430;
				TargetAttributes = {
					CE8FA3AA2A4A0AC1007FC908 = {
						CreatedOnToolsVersion = 14.3.1;
					};
				};
			};
			buildConfigurationList = CE8FA3A62A4A0AC1007FC908 /* Build configuration list for PBXProject "VetMap" */;
			compatibilityVersion = "Xcode 14.0";
			developmentRegion = en;
			hasScannedForEncodings = 0;
			knownRegions = (
				en,
				Base,
			);
			mainGroup = CE8FA3A22A4A0AC1007FC908;
			packageReferences = (
			);
			productRefGroup = CE8FA3AC2A4A0AC1007FC908 /* Products */;
			projectDirPath = "";
			projectRoot = "";
			targets = (
				CE8FA3AA2A4A0AC1007FC908 /* VetMap */,
			);
		};
/* End PBXProject section */

/* Begin PBXResourcesBuildPhase section */
		CE8FA3A92A4A0AC1007FC908 /* Resources */ = {
			isa = PBXResourcesBuildPhase;
			buildActionMask = 2147483647;
			files = (
				CE8FA3BE2A4A0AC4007FC908 /* LaunchScreen.storyboard in Resources */,
				CE8FA3BB2A4A0AC4007FC908 /* Assets.xcassets in Resources */,
				CEF6B1612A4CA39C00A0E1FB /* Podfile in Resources */,
				CE17567B2A573D34000F90C2 /* GoogleService-Info.plist in Resources */,
			);
			runOnlyForDeploymentPostprocessing = 0;
		};
/* End PBXResourcesBuildPhase section */

/* Begin PBXShellScriptBuildPhase section */
		70CF16357EA0A941A86A1298 /* [CP] Embed Pods Frameworks */ = {
			isa = PBXShellScriptBuildPhase;
			buildActionMask = 2147483647;
			files = (
			);
			inputFileListPaths = (
				"${PODS_ROOT}/Target Support Files/Pods-VetMap/Pods-VetMap-frameworks-${CONFIGURATION}-input-files.xcfilelist",
			);
			name = "[CP] Embed Pods Frameworks";
			outputFileListPaths = (
				"${PODS_ROOT}/Target Support Files/Pods-VetMap/Pods-VetMap-frameworks-${CONFIGURATION}-output-files.xcfilelist",
			);
			runOnlyForDeploymentPostprocessing = 0;
			shellPath = /bin/sh;
			shellScript = "\"${PODS_ROOT}/Target Support Files/Pods-VetMap/Pods-VetMap-frameworks.sh\"\n";
			showEnvVarsInLog = 0;
		};
		902A1DF415CDDA5F9CA2E788 /* [CP] Check Pods Manifest.lock */ = {
			isa = PBXShellScriptBuildPhase;
			buildActionMask = 2147483647;
			files = (
			);
			inputFileListPaths = (
			);
			inputPaths = (
				"${PODS_PODFILE_DIR_PATH}/Podfile.lock",
				"${PODS_ROOT}/Manifest.lock",
			);
			name = "[CP] Check Pods Manifest.lock";
			outputFileListPaths = (
			);
			outputPaths = (
				"$(DERIVED_FILE_DIR)/Pods-VetMap-checkManifestLockResult.txt",
			);
			runOnlyForDeploymentPostprocessing = 0;
			shellPath = /bin/sh;
			shellScript = "diff \"${PODS_PODFILE_DIR_PATH}/Podfile.lock\" \"${PODS_ROOT}/Manifest.lock\" > /dev/null\nif [ $? != 0 ] ; then\n    # print error to STDERR\n    echo \"error: The sandbox is not in sync with the Podfile.lock. Run 'pod install' or update your CocoaPods installation.\" >&2\n    exit 1\nfi\n# This output is used by Xcode 'outputs' to avoid re-running this script phase.\necho \"SUCCESS\" > \"${SCRIPT_OUTPUT_FILE_0}\"\n";
			showEnvVarsInLog = 0;
		};
/* End PBXShellScriptBuildPhase section */

/* Begin PBXSourcesBuildPhase section */
		CE8FA3A72A4A0AC1007FC908 /* Sources */ = {
			isa = PBXSourcesBuildPhase;
			buildActionMask = 2147483647;
			files = (
				CE1756752A572B7D000F90C2 /* TipsViewModel.swift in Sources */,
				CE1756772A572B93000F90C2 /* ArticleModels.swift in Sources */,
				CEE4EFB62A597FC90027A19A /* TipsTableViewCell.swift in Sources */,
				CEE31E342A6476B700F6E4A0 /* ArticleEntity.swift in Sources */,
				CE291CDB2ABDF974009372AF /* AuthViewController.swift in Sources */,
				CEB618B62A81264600CCD5E4 /* VetsViewCoordinator.swift in Sources */,
				CE291CE82ABE0B7E009372AF /* SignUpViewController.swift in Sources */,
				CE291CDD2ABDF9F0009372AF /* AuthViewCoordinator.swift in Sources */,
				CE1756732A572B64000F90C2 /* TipsViewController.swift in Sources */,
				CE8FA3B92A4A0AC1007FC908 /* VetMap.xcdatamodeld in Sources */,
				CE8FA3B32A4A0AC1007FC908 /* VetsViewController.swift in Sources */,
				CE7B3B172A5E0DE7004B8A21 /* DatabaseManager.swift in Sources */,
				CEB751732A4B0ACB0044709E /* VetsViewModel.swift in Sources */,
				CE664D322A5362B500972046 /* MainTabBarController.swift in Sources */,
				CE8FA3C72A4A0F5C007FC908 /* LocationManager.swift in Sources */,
				CE8FA3AF2A4A0AC1007FC908 /* AppDelegate.swift in Sources */,
				CEB618BD2A812CEA00CCD5E4 /* CoordinatorProtocol.swift in Sources */,
				CE8FA3CC2A4A23E5007FC908 /* MapManager.swift in Sources */,
				CE5121AB2A505C3B00C5B7E7 /* UIViewController+adjustLargeTitleSize().swift in Sources */,
				CE6599A22A83E50400AFE08A /* PaddingLabel.swift in Sources */,
				CEB618AF2A81236800CCD5E4 /* AppointmentsViewModel.swift in Sources */,
				CE37D7C02A57466900E89AAB /* FirebaseManager.swift in Sources */,
				CE89D0492ABDD48100F48C1E /* AppDependencyContainer.swift in Sources */,
				CE64595C2A7DA8EE009B061A /* AppointmentsScreenView.swift in Sources */,
				CEB618C92A819C8800CCD5E4 /* AppointmentsViewCoordinator.swift in Sources */,
				CE64595E2A7DAC19009B061A /* AppointmentsViewController.swift in Sources */,
				CE6599A42A83F08800AFE08A /* UILabel+setAttributedTextWithSystemImage.swift in Sources */,
				CE67DCAC2A5C740A00C73305 /* Errors.swift in Sources */,
				CE291CE62ABE0B49009372AF /* SignUpViewModel.swift in Sources */,
				CE89D0472ABDD45500F48C1E /* AppMainCoordinator.swift in Sources */,
				CE291CD92ABDF92B009372AF /* AuthViewModel.swift in Sources */,
				CE5121A92A504F6D00C5B7E7 /* CustomMarkerAnnotationView.swift in Sources */,
				CE8FA3B12A4A0AC1007FC908 /* SceneDelegate.swift in Sources */,
				CEE4EFB82A599ECA0027A19A /* ImagesManager.swift in Sources */,
				CEB618CB2A81A19700CCD5E4 /* TipsViewCoordinator.swift in Sources */,
				CE291CE42ABE0B29009372AF /* SignUpViewCoordinator.swift in Sources */,
			);
			runOnlyForDeploymentPostprocessing = 0;
		};
/* End PBXSourcesBuildPhase section */

/* Begin PBXVariantGroup section */
		CE8FA3BC2A4A0AC4007FC908 /* LaunchScreen.storyboard */ = {
			isa = PBXVariantGroup;
			children = (
				CE8FA3BD2A4A0AC4007FC908 /* Base */,
			);
			name = LaunchScreen.storyboard;
			sourceTree = "<group>";
		};
/* End PBXVariantGroup section */

/* Begin XCBuildConfiguration section */
		CE8FA3C02A4A0AC4007FC908 /* Debug */ = {
			isa = XCBuildConfiguration;
			buildSettings = {
				ALWAYS_SEARCH_USER_PATHS = NO;
				CLANG_ANALYZER_NONNULL = YES;
				CLANG_ANALYZER_NUMBER_OBJECT_CONVERSION = YES_AGGRESSIVE;
				CLANG_CXX_LANGUAGE_STANDARD = "gnu++20";
				CLANG_ENABLE_MODULES = YES;
				CLANG_ENABLE_OBJC_ARC = YES;
				CLANG_ENABLE_OBJC_WEAK = YES;
				CLANG_WARN_BLOCK_CAPTURE_AUTORELEASING = YES;
				CLANG_WARN_BOOL_CONVERSION = YES;
				CLANG_WARN_COMMA = YES;
				CLANG_WARN_CONSTANT_CONVERSION = YES;
				CLANG_WARN_DEPRECATED_OBJC_IMPLEMENTATIONS = YES;
				CLANG_WARN_DIRECT_OBJC_ISA_USAGE = YES_ERROR;
				CLANG_WARN_DOCUMENTATION_COMMENTS = YES;
				CLANG_WARN_EMPTY_BODY = YES;
				CLANG_WARN_ENUM_CONVERSION = YES;
				CLANG_WARN_INFINITE_RECURSION = YES;
				CLANG_WARN_INT_CONVERSION = YES;
				CLANG_WARN_NON_LITERAL_NULL_CONVERSION = YES;
				CLANG_WARN_OBJC_IMPLICIT_RETAIN_SELF = YES;
				CLANG_WARN_OBJC_LITERAL_CONVERSION = YES;
				CLANG_WARN_OBJC_ROOT_CLASS = YES_ERROR;
				CLANG_WARN_QUOTED_INCLUDE_IN_FRAMEWORK_HEADER = YES;
				CLANG_WARN_RANGE_LOOP_ANALYSIS = YES;
				CLANG_WARN_STRICT_PROTOTYPES = YES;
				CLANG_WARN_SUSPICIOUS_MOVE = YES;
				CLANG_WARN_UNGUARDED_AVAILABILITY = YES_AGGRESSIVE;
				CLANG_WARN_UNREACHABLE_CODE = YES;
				CLANG_WARN__DUPLICATE_METHOD_MATCH = YES;
				COPY_PHASE_STRIP = NO;
				DEBUG_INFORMATION_FORMAT = dwarf;
				ENABLE_STRICT_OBJC_MSGSEND = YES;
				ENABLE_TESTABILITY = YES;
				GCC_C_LANGUAGE_STANDARD = gnu11;
				GCC_DYNAMIC_NO_PIC = NO;
				GCC_NO_COMMON_BLOCKS = YES;
				GCC_OPTIMIZATION_LEVEL = 0;
				GCC_PREPROCESSOR_DEFINITIONS = (
					"DEBUG=1",
					"$(inherited)",
				);
				GCC_WARN_64_TO_32_BIT_CONVERSION = YES;
				GCC_WARN_ABOUT_RETURN_TYPE = YES_ERROR;
				GCC_WARN_UNDECLARED_SELECTOR = YES;
				GCC_WARN_UNINITIALIZED_AUTOS = YES_AGGRESSIVE;
				GCC_WARN_UNUSED_FUNCTION = YES;
				GCC_WARN_UNUSED_VARIABLE = YES;
				INFOPLIST_KEY_UIMainStoryboardFile = "";
				IPHONEOS_DEPLOYMENT_TARGET = 15.6;
				MTL_ENABLE_DEBUG_INFO = INCLUDE_SOURCE;
				MTL_FAST_MATH = YES;
				ONLY_ACTIVE_ARCH = YES;
				SDKROOT = iphoneos;
				SWIFT_ACTIVE_COMPILATION_CONDITIONS = DEBUG;
				SWIFT_OPTIMIZATION_LEVEL = "-Onone";
			};
			name = Debug;
		};
		CE8FA3C12A4A0AC4007FC908 /* Release */ = {
			isa = XCBuildConfiguration;
			buildSettings = {
				ALWAYS_SEARCH_USER_PATHS = NO;
				CLANG_ANALYZER_NONNULL = YES;
				CLANG_ANALYZER_NUMBER_OBJECT_CONVERSION = YES_AGGRESSIVE;
				CLANG_CXX_LANGUAGE_STANDARD = "gnu++20";
				CLANG_ENABLE_MODULES = YES;
				CLANG_ENABLE_OBJC_ARC = YES;
				CLANG_ENABLE_OBJC_WEAK = YES;
				CLANG_WARN_BLOCK_CAPTURE_AUTORELEASING = YES;
				CLANG_WARN_BOOL_CONVERSION = YES;
				CLANG_WARN_COMMA = YES;
				CLANG_WARN_CONSTANT_CONVERSION = YES;
				CLANG_WARN_DEPRECATED_OBJC_IMPLEMENTATIONS = YES;
				CLANG_WARN_DIRECT_OBJC_ISA_USAGE = YES_ERROR;
				CLANG_WARN_DOCUMENTATION_COMMENTS = YES;
				CLANG_WARN_EMPTY_BODY = YES;
				CLANG_WARN_ENUM_CONVERSION = YES;
				CLANG_WARN_INFINITE_RECURSION = YES;
				CLANG_WARN_INT_CONVERSION = YES;
				CLANG_WARN_NON_LITERAL_NULL_CONVERSION = YES;
				CLANG_WARN_OBJC_IMPLICIT_RETAIN_SELF = YES;
				CLANG_WARN_OBJC_LITERAL_CONVERSION = YES;
				CLANG_WARN_OBJC_ROOT_CLASS = YES_ERROR;
				CLANG_WARN_QUOTED_INCLUDE_IN_FRAMEWORK_HEADER = YES;
				CLANG_WARN_RANGE_LOOP_ANALYSIS = YES;
				CLANG_WARN_STRICT_PROTOTYPES = YES;
				CLANG_WARN_SUSPICIOUS_MOVE = YES;
				CLANG_WARN_UNGUARDED_AVAILABILITY = YES_AGGRESSIVE;
				CLANG_WARN_UNREACHABLE_CODE = YES;
				CLANG_WARN__DUPLICATE_METHOD_MATCH = YES;
				COPY_PHASE_STRIP = NO;
				DEBUG_INFORMATION_FORMAT = "dwarf-with-dsym";
				ENABLE_NS_ASSERTIONS = NO;
				ENABLE_STRICT_OBJC_MSGSEND = YES;
				GCC_C_LANGUAGE_STANDARD = gnu11;
				GCC_NO_COMMON_BLOCKS = YES;
				GCC_WARN_64_TO_32_BIT_CONVERSION = YES;
				GCC_WARN_ABOUT_RETURN_TYPE = YES_ERROR;
				GCC_WARN_UNDECLARED_SELECTOR = YES;
				GCC_WARN_UNINITIALIZED_AUTOS = YES_AGGRESSIVE;
				GCC_WARN_UNUSED_FUNCTION = YES;
				GCC_WARN_UNUSED_VARIABLE = YES;
				INFOPLIST_KEY_UIMainStoryboardFile = "";
				IPHONEOS_DEPLOYMENT_TARGET = 15.6;
				MTL_ENABLE_DEBUG_INFO = NO;
				MTL_FAST_MATH = YES;
				SDKROOT = iphoneos;
				SWIFT_COMPILATION_MODE = wholemodule;
				SWIFT_OPTIMIZATION_LEVEL = "-O";
				VALIDATE_PRODUCT = YES;
			};
			name = Release;
		};
		CE8FA3C32A4A0AC4007FC908 /* Debug */ = {
			isa = XCBuildConfiguration;
			baseConfigurationReference = 4DDEEFB4869AD1C5C0399AE9 /* Pods-VetMap.debug.xcconfig */;
			buildSettings = {
				ASSETCATALOG_COMPILER_APPICON_NAME = AppIcon;
				ASSETCATALOG_COMPILER_GLOBAL_ACCENT_COLOR_NAME = AccentColor;
				CODE_SIGN_STYLE = Automatic;
				CURRENT_PROJECT_VERSION = 1;
				DEVELOPMENT_TEAM = T999GJYMD3;
				GENERATE_INFOPLIST_FILE = YES;
				INFOPLIST_FILE = VetMap/Resources/Info.plist;
				INFOPLIST_KEY_CFBundleDisplayName = VetMap;
				INFOPLIST_KEY_LSApplicationCategoryType = "public.app-category.navigation";
				INFOPLIST_KEY_UIApplicationSupportsIndirectInputEvents = YES;
				INFOPLIST_KEY_UILaunchStoryboardName = LaunchScreen;
				INFOPLIST_KEY_UISupportedInterfaceOrientations_iPad = "UIInterfaceOrientationPortrait UIInterfaceOrientationPortraitUpsideDown UIInterfaceOrientationLandscapeLeft UIInterfaceOrientationLandscapeRight";
				INFOPLIST_KEY_UISupportedInterfaceOrientations_iPhone = "UIInterfaceOrientationPortrait UIInterfaceOrientationLandscapeLeft UIInterfaceOrientationLandscapeRight";
				IPHONEOS_DEPLOYMENT_TARGET = 15.6;
				LD_RUNPATH_SEARCH_PATHS = (
					"$(inherited)",
					"@executable_path/Frameworks",
				);
				MARKETING_VERSION = 1.0;
				PRODUCT_BUNDLE_IDENTIFIER = com.example.VetMap;
				PRODUCT_NAME = "$(TARGET_NAME)";
				SUPPORTED_PLATFORMS = "iphoneos iphonesimulator";
				SUPPORTS_MACCATALYST = NO;
				SUPPORTS_MAC_DESIGNED_FOR_IPHONE_IPAD = NO;
				SWIFT_EMIT_LOC_STRINGS = YES;
				SWIFT_VERSION = 5.0;
				TARGETED_DEVICE_FAMILY = "1,2";
			};
			name = Debug;
		};
		CE8FA3C42A4A0AC4007FC908 /* Release */ = {
			isa = XCBuildConfiguration;
			baseConfigurationReference = 586C2C2C8398767B0FFB4C1A /* Pods-VetMap.release.xcconfig */;
			buildSettings = {
				ASSETCATALOG_COMPILER_APPICON_NAME = AppIcon;
				ASSETCATALOG_COMPILER_GLOBAL_ACCENT_COLOR_NAME = AccentColor;
				CODE_SIGN_STYLE = Automatic;
				CURRENT_PROJECT_VERSION = 1;
				DEVELOPMENT_TEAM = T999GJYMD3;
				GENERATE_INFOPLIST_FILE = YES;
				INFOPLIST_FILE = VetMap/Resources/Info.plist;
				INFOPLIST_KEY_CFBundleDisplayName = VetMap;
				INFOPLIST_KEY_LSApplicationCategoryType = "public.app-category.navigation";
				INFOPLIST_KEY_UIApplicationSupportsIndirectInputEvents = YES;
				INFOPLIST_KEY_UILaunchStoryboardName = LaunchScreen;
				INFOPLIST_KEY_UISupportedInterfaceOrientations_iPad = "UIInterfaceOrientationPortrait UIInterfaceOrientationPortraitUpsideDown UIInterfaceOrientationLandscapeLeft UIInterfaceOrientationLandscapeRight";
				INFOPLIST_KEY_UISupportedInterfaceOrientations_iPhone = "UIInterfaceOrientationPortrait UIInterfaceOrientationLandscapeLeft UIInterfaceOrientationLandscapeRight";
				IPHONEOS_DEPLOYMENT_TARGET = 15.6;
				LD_RUNPATH_SEARCH_PATHS = (
					"$(inherited)",
					"@executable_path/Frameworks",
				);
				MARKETING_VERSION = 1.0;
				PRODUCT_BUNDLE_IDENTIFIER = com.example.VetMap;
				PRODUCT_NAME = "$(TARGET_NAME)";
				SUPPORTED_PLATFORMS = "iphoneos iphonesimulator";
				SUPPORTS_MACCATALYST = NO;
				SUPPORTS_MAC_DESIGNED_FOR_IPHONE_IPAD = NO;
				SWIFT_EMIT_LOC_STRINGS = YES;
				SWIFT_VERSION = 5.0;
				TARGETED_DEVICE_FAMILY = "1,2";
			};
			name = Release;
		};
/* End XCBuildConfiguration section */

/* Begin XCConfigurationList section */
		CE8FA3A62A4A0AC1007FC908 /* Build configuration list for PBXProject "VetMap" */ = {
			isa = XCConfigurationList;
			buildConfigurations = (
				CE8FA3C02A4A0AC4007FC908 /* Debug */,
				CE8FA3C12A4A0AC4007FC908 /* Release */,
			);
			defaultConfigurationIsVisible = 0;
			defaultConfigurationName = Release;
		};
		CE8FA3C22A4A0AC4007FC908 /* Build configuration list for PBXNativeTarget "VetMap" */ = {
			isa = XCConfigurationList;
			buildConfigurations = (
				CE8FA3C32A4A0AC4007FC908 /* Debug */,
				CE8FA3C42A4A0AC4007FC908 /* Release */,
			);
			defaultConfigurationIsVisible = 0;
			defaultConfigurationName = Release;
		};
/* End XCConfigurationList section */

/* Begin XCVersionGroup section */
		CE8FA3B72A4A0AC1007FC908 /* VetMap.xcdatamodeld */ = {
			isa = XCVersionGroup;
			children = (
				CE8FA3B82A4A0AC1007FC908 /* VetMap.xcdatamodel */,
			);
			currentVersion = CE8FA3B82A4A0AC1007FC908 /* VetMap.xcdatamodel */;
			path = VetMap.xcdatamodeld;
			sourceTree = "<group>";
			versionGroupType = wrapper.xcdatamodel;
		};
/* End XCVersionGroup section */
	};
	rootObject = CE8FA3A32A4A0AC1007FC908 /* Project object */;
}
